
Microsoft Visual Studio Solution File, Format Version 12.00
# Visual Studio 2012
Project("{FAE04EC0-301F-11D3-BF4B-00C04F79EFBC}") = "GoHunting.iOS", "GoHunting.iOS\GoHunting.iOS.csproj", "{79D8EC38-5966-46F6-81D2-C0C500AB811A}"
EndProject
Project("{FAE04EC0-301F-11D3-BF4B-00C04F79EFBC}") = "GoHunting.Core", "GoHunting.Core\GoHunting.Core.csproj", "{B6D1A089-4230-4625-8C99-E27A23BBA0B3}"
EndProject
Project("{FAE04EC0-301F-11D3-BF4B-00C04F79EFBC}") = "GoHunting", "DroidMapping\GoHunting.csproj", "{F4A65140-3D1F-45FD-B411-B8D044242A54}"
EndProject
Project("{FAE04EC0-301F-11D3-BF4B-00C04F79EFBC}") = "Hunting.iOS", "Hunting.iOS\Hunting.iOS.csproj", "{14D8A589-C4E8-4B67-93A0-B4989F8F3137}"
EndProject
Project("{FAE04EC0-301F-11D3-BF4B-00C04F79EFBC}") = "GO.Common.iOS", "GO.Common.iOS\GO.Common.iOS.csproj", "{DA37D640-C896-41D6-89B1-36712794934D}"
EndProject
Global
	GlobalSection(SolutionConfigurationPlatforms) = preSolution
		Debug|iPhoneSimulator = Debug|iPhoneSimulator
		Release|iPhone = Release|iPhone
		Release|iPhoneSimulator = Release|iPhoneSimulator
		Debug|iPhone = Debug|iPhone
	EndGlobalSection
	GlobalSection(ProjectConfigurationPlatforms) = postSolution
		{79D8EC38-5966-46F6-81D2-C0C500AB811A}.Debug|iPhoneSimulator.ActiveCfg = Debug|iPhoneSimulator
		{79D8EC38-5966-46F6-81D2-C0C500AB811A}.Debug|iPhoneSimulator.Build.0 = Debug|iPhoneSimulator
		{79D8EC38-5966-46F6-81D2-C0C500AB811A}.Release|iPhone.ActiveCfg = Release|iPhone
		{79D8EC38-5966-46F6-81D2-C0C500AB811A}.Release|iPhone.Build.0 = Release|iPhone
		{79D8EC38-5966-46F6-81D2-C0C500AB811A}.Release|iPhoneSimulator.ActiveCfg = Release|iPhoneSimulator
		{79D8EC38-5966-46F6-81D2-C0C500AB811A}.Release|iPhoneSimulator.Build.0 = Release|iPhoneSimulator
		{79D8EC38-5966-46F6-81D2-C0C500AB811A}.Debug|iPhone.ActiveCfg = Debug|iPhone
		{79D8EC38-5966-46F6-81D2-C0C500AB811A}.Debug|iPhone.Build.0 = Debug|iPhone
		{B6D1A089-4230-4625-8C99-E27A23BBA0B3}.Debug|iPhoneSimulator.ActiveCfg = Debug|Any CPU
		{B6D1A089-4230-4625-8C99-E27A23BBA0B3}.Debug|iPhoneSimulator.Build.0 = Debug|Any CPU
		{B6D1A089-4230-4625-8C99-E27A23BBA0B3}.Release|iPhone.ActiveCfg = Release|Any CPU
		{B6D1A089-4230-4625-8C99-E27A23BBA0B3}.Release|iPhone.Build.0 = Release|Any CPU
		{B6D1A089-4230-4625-8C99-E27A23BBA0B3}.Release|iPhoneSimulator.ActiveCfg = Release|Any CPU
		{B6D1A089-4230-4625-8C99-E27A23BBA0B3}.Release|iPhoneSimulator.Build.0 = Release|Any CPU
		{B6D1A089-4230-4625-8C99-E27A23BBA0B3}.Debug|iPhone.ActiveCfg = Debug|Any CPU
		{B6D1A089-4230-4625-8C99-E27A23BBA0B3}.Debug|iPhone.Build.0 = Debug|Any CPU
		{F4A65140-3D1F-45FD-B411-B8D044242A54}.Debug|iPhoneSimulator.ActiveCfg = Debug|Any CPU
		{F4A65140-3D1F-45FD-B411-B8D044242A54}.Debug|iPhoneSimulator.Build.0 = Debug|Any CPU
		{F4A65140-3D1F-45FD-B411-B8D044242A54}.Release|iPhone.ActiveCfg = Release|Any CPU
		{F4A65140-3D1F-45FD-B411-B8D044242A54}.Release|iPhone.Build.0 = Release|Any CPU
		{F4A65140-3D1F-45FD-B411-B8D044242A54}.Release|iPhoneSimulator.ActiveCfg = Release|Any CPU
		{F4A65140-3D1F-45FD-B411-B8D044242A54}.Release|iPhoneSimulator.Build.0 = Release|Any CPU
		{F4A65140-3D1F-45FD-B411-B8D044242A54}.Debug|iPhone.ActiveCfg = Debug|Any CPU
		{F4A65140-3D1F-45FD-B411-B8D044242A54}.Debug|iPhone.Build.0 = Debug|Any CPU
		{14D8A589-C4E8-4B67-93A0-B4989F8F3137}.Debug|iPhoneSimulator.ActiveCfg = Debug|iPhoneSimulator
		{14D8A589-C4E8-4B67-93A0-B4989F8F3137}.Debug|iPhoneSimulator.Build.0 = Debug|iPhoneSimulator
		{14D8A589-C4E8-4B67-93A0-B4989F8F3137}.Release|iPhone.ActiveCfg = Release|iPhone
		{14D8A589-C4E8-4B67-93A0-B4989F8F3137}.Release|iPhone.Build.0 = Release|iPhone
		{14D8A589-C4E8-4B67-93A0-B4989F8F3137}.Release|iPhoneSimulator.ActiveCfg = Release|iPhoneSimulator
		{14D8A589-C4E8-4B67-93A0-B4989F8F3137}.Release|iPhoneSimulator.Build.0 = Release|iPhoneSimulator
		{14D8A589-C4E8-4B67-93A0-B4989F8F3137}.Debug|iPhone.ActiveCfg = Debug|iPhone
		{14D8A589-C4E8-4B67-93A0-B4989F8F3137}.Debug|iPhone.Build.0 = Debug|iPhone
		{DA37D640-C896-41D6-89B1-36712794934D}.Debug|iPhoneSimulator.ActiveCfg = Debug|Any CPU
		{DA37D640-C896-41D6-89B1-36712794934D}.Debug|iPhoneSimulator.Build.0 = Debug|Any CPU
		{DA37D640-C896-41D6-89B1-36712794934D}.Release|iPhone.ActiveCfg = Release|Any CPU
		{DA37D640-C896-41D6-89B1-36712794934D}.Release|iPhone.Build.0 = Release|Any CPU
		{DA37D640-C896-41D6-89B1-36712794934D}.Release|iPhoneSimulator.ActiveCfg = Release|Any CPU
		{DA37D640-C896-41D6-89B1-36712794934D}.Release|iPhoneSimulator.Build.0 = Release|Any CPU
		{DA37D640-C896-41D6-89B1-36712794934D}.Debug|iPhone.ActiveCfg = Debug|Any CPU
		{DA37D640-C896-41D6-89B1-36712794934D}.Debug|iPhone.Build.0 = Debug|Any CPU
	EndGlobalSection
	GlobalSection(MonoDevelopProperties) = preSolution
		Policies = $0
		$0.TextStylePolicy = $1
		$1.TabWidth = 3
		$1.IndentWidth = 3
		$1.inheritsSet = VisualStudio
		$1.inheritsScope = text/plain
		$1.scope = text/x-csharp
		$0.TextStylePolicy = $2
		$2.TabWidth = 3
		$2.IndentWidth = 3
		$2.inheritsSet = VisualStudio
		$2.inheritsScope = text/plain
		$2.scope = text/x-csharp
		$0.CSharpFormattingPolicy = $3
		$3.IndentSwitchSection = True
		$3.NewLinesForBracesInProperties = True
		$3.NewLinesForBracesInAccessors = True
		$3.NewLinesForBracesInAnonymousMethods = True
		$3.NewLinesForBracesInControlBlocks = True
		$3.NewLinesForBracesInAnonymousTypes = True
		$3.NewLinesForBracesInObjectCollectionArrayInitializers = True
		$3.NewLinesForBracesInLambdaExpressionBody = True
		$3.NewLineForElse = True
		$3.NewLineForCatch = True
		$3.NewLineForFinally = True
		$3.NewLineForMembersInObjectInit = True
		$3.NewLineForMembersInAnonymousTypes = True
		$3.NewLineForClausesInQuery = True
		$3.SpacingAfterMethodDeclarationName = False
		$3.SpaceAfterMethodCallName = False
		$3.SpaceBeforeOpenSquareBracket = False
		$3.inheritsSet = Mono
		$3.inheritsScope = text/x-csharp
		$3.scope = text/x-csharp
		$0.StandardHeader = $4
		$4.Text = 
		$4.IncludeInNewFiles = True
	EndGlobalSection
EndGlobal
